
Microsoft Visual Studio Solution File, Format Version 12.00
# Visual Studio Version 16
VisualStudioVersion = 16.0.29215.179
MinimumVisualStudioVersion = 10.0.40219.1
Project("{9A19103F-16F7-4668-BE54-9A1E7A4F7556}") = "teach04", "teach04\teach04.csproj", "{4690FB17-D69B-4A53-A058-D1A45A88D236}"
EndProject
Project("{FAE04EC0-301F-11D3-BF4B-00C04F79EFBC}") = "teach04.Tests", "teach04.Tests\teach04.Tests.csproj", "{931EFC8B-A30B-4494-B924-02061C3E812B}"
EndProject
Global
	GlobalSection(SolutionConfigurationPlatforms) = preSolution
		Debug|Any CPU = Debug|Any CPU
		Release|Any CPU = Release|Any CPU
	EndGlobalSection
	GlobalSection(ProjectConfigurationPlatforms) = postSolution
		{4690FB17-D69B-4A53-A058-D1A45A88D236}.Debug|Any CPU.ActiveCfg = Debug|Any CPU
		{4690FB17-D69B-4A53-A058-D1A45A88D236}.Debug|Any CPU.Build.0 = Debug|Any CPU
		{4690FB17-D69B-4A53-A058-D1A45A88D236}.Release|Any CPU.ActiveCfg = Release|Any CPU
		{4690FB17-D69B-4A53-A058-D1A45A88D236}.Release|Any CPU.Build.0 = Release|Any CPU
		{931EFC8B-A30B-4494-B924-02061C3E812B}.Debug|Any CPU.ActiveCfg = Debug|Any CPU
		{931EFC8B-A30B-4494-B924-02061C3E812B}.Debug|Any CPU.Build.0 = Debug|Any CPU
		{931EFC8B-A30B-4494-B924-02061C3E812B}.Release|Any CPU.ActiveCfg = Release|Any CPU
		{931EFC8B-A30B-4494-B924-02061C3E812B}.Release|Any CPU.Build.0 = Release|Any CPU
	EndGlobalSection
	GlobalSection(SolutionProperties) = preSolution
		HideSolutionNode = FALSE
	EndGlobalSection
	GlobalSection(ExtensibilityGlobals) = postSolution
		SolutionGuid = {4DEC9BCA-7CF4-461C-BF1E-1C1AE0B55977}
	EndGlobalSection
EndGlobal
